
Microsoft Visual Studio Solution File, Format Version 12.00
# Visual Studio 15
VisualStudioVersion = 15.0.27703.2018
MinimumVisualStudioVersion = 10.0.40219.1
Project("{8BC9CEB8-8B4A-11D0-8D11-00A0C91BC942}") = "Chapter1_19_NameSp3_41p", "Chapter1_19_NameSp3_41p\Chapter1_19_NameSp3_41p.vcxproj", "{285BD4C1-AA72-4D8D-AF7C-AB99A2112334}"
EndProject
Project("{8BC9CEB8-8B4A-11D0-8D11-00A0C91BC942}") = "Chapter1_20_problem01-04_43p", "Chapter1_20_problem01-04_43p\Chapter1_20_problem01-04_43p.vcxproj", "{EC4FD120-2B48-4704-B4E7-FB9D0493702B}"
EndProject
Project("{8BC9CEB8-8B4A-11D0-8D11-00A0C91BC942}") = "Chapter1_21_UsingDcl1_45p", "Chapter1_21_UsingDcl1_45p\Chapter1_21_UsingDcl1_45p.vcxproj", "{C2C0D351-315E-4F48-99E5-B7B13CCE390F}"
EndProject
Project("{8BC9CEB8-8B4A-11D0-8D11-00A0C91BC942}") = "Chapter1_22_UsingDcl2_46p", "Chapter1_22_UsingDcl2_46p\Chapter1_22_UsingDcl2_46p.vcxproj", "{116BED6A-186B-499F-87AE-0F3430DFDB8D}"
EndProject
Project("{8BC9CEB8-8B4A-11D0-8D11-00A0C91BC942}") = "Chapter1_23_UsingDcl3_47p", "Chapter1_23_UsingDcl3_47p\Chapter1_23_UsingDcl3_47p.vcxproj", "{0957FBEB-E74E-47CF-978B-F8FEC40B68E3}"
EndProject
Project("{8BC9CEB8-8B4A-11D0-8D11-00A0C91BC942}") = "Chapter1_24_NameAlias_48p", "Chapter1_24_NameAlias_48p\Chapter1_24_NameAlias_48p.vcxproj", "{951A1642-8692-4704-8A56-751453A59E31}"
EndProject
Project("{8BC9CEB8-8B4A-11D0-8D11-00A0C91BC942}") = "Chapter1_25_project_50p", "Chapter1_25_project_50p\Chapter1_25_project_50p.vcxproj", "{65F733FF-C31B-4984-8C58-9F7735558D0A}"
EndProject
Project("{8BC9CEB8-8B4A-11D0-8D11-00A0C91BC942}") = "Chapter1_03_BetweenAdder_19p", "Chapter1_BetweenAdder_19p\Chapter1_BetweenAdder_19p.vcxproj", "{03FBE057-5F66-4502-9F97-3D7508A62D6C}"
EndProject
Project("{8BC9CEB8-8B4A-11D0-8D11-00A0C91BC942}") = "Chapter1_11_DefaultValue1_28p", "Chapter1_DefaultValue1_28p\Chapter1_DefaultValue1_28p.vcxproj", "{40735B37-306D-4936-B8A5-34D41DD3323B}"
EndProject
Project("{8BC9CEB8-8B4A-11D0-8D11-00A0C91BC942}") = "Chapter1_12_DefaultValue2_29p", "Chapter1_DefaultValue2_29p\Chapter1_DefaultValue2_29p.vcxproj", "{FFA00810-BD36-4040-BB2C-CF0F5EEA3703}"
EndProject
Project("{8BC9CEB8-8B4A-11D0-8D11-00A0C91BC942}") = "Chapter1_13_DefaultValue3_31p", "Chapter1_DefaultValue3_31p\Chapter1_DefaultValue3_31p.vcxproj", "{CCE856F2-2C27-4EA6-8A44-A44F0E5E59F0}"
EndProject
Project("{8BC9CEB8-8B4A-11D0-8D11-00A0C91BC942}") = "Chapter1_09_FunctionOverloading_25p", "Chapter1_FunctionOverloading_25p\Chapter1_FunctionOverloading_25p.vcxproj", "{0A12D82B-0D37-4ED1-BF1E-A9AA628586A4}"
EndProject
Project("{8BC9CEB8-8B4A-11D0-8D11-00A0C91BC942}") = "Chapter1_01_HelloWorld_14p", "Chapter1_HelloWorld_14p\Chapter1_HelloWorld_14p.vcxproj", "{B53DCC71-8E5F-407D-8C66-8D53B2D9CD54}"
EndProject
Project("{8BC9CEB8-8B4A-11D0-8D11-00A0C91BC942}") = "Chapter1_16_InlineFunc_34p", "Chapter1_InlineFunc_34p\Chapter1_InlineFunc_34p.vcxproj", "{6D43D554-3CD3-4C80-8A07-174B48F07391}"
EndProject
Project("{8BC9CEB8-8B4A-11D0-8D11-00A0C91BC942}") = "Chapter1_17_NameSp1_38p", "Chapter1_NameSp1_38p\Chapter1_NameSp1_38p.vcxproj", "{1C42698A-1395-49A6-9007-B0E56717A17C}"
EndProject
Project("{8BC9CEB8-8B4A-11D0-8D11-00A0C91BC942}") = "Chapter1_18_NameSp2_40p", "Chapter1_NameSp2_40p\Chapter1_NameSp2_40p.vcxproj", "{28312741-B460-4381-8844-56E1D8C50156}"
EndProject
Project("{8BC9CEB8-8B4A-11D0-8D11-00A0C91BC942}") = "Chapter1_05_problem01-01_22p", "Chapter1_problem01-01_22p\Chapter1_problem01-01_22p.vcxproj", "{DD46AD9A-A72F-4A30-9A63-D4A2723DF93F}"
EndProject
Project("{8BC9CEB8-8B4A-11D0-8D11-00A0C91BC942}") = "Chapter1_06_problem01-02_22p", "Chapter1_problem01-02_22p\Chapter1_problem01-02_22p.vcxproj", "{4C67DE73-BD65-403E-84FB-BF4299884CBC}"
EndProject
Project("{8BC9CEB8-8B4A-11D0-8D11-00A0C91BC942}") = "Chapter1_10_problem01-02_26p", "Chapter1_problem01-02_26p\Chapter1_problem01-02_26p.vcxproj", "{42FBC3C6-1AF4-404A-B5F3-04E081630216}"
EndProject
Project("{8BC9CEB8-8B4A-11D0-8D11-00A0C91BC942}") = "Chapter1_07_problem01-03_22p", "Chapter1_problem01-03_22p\Chapter1_problem01-03_22p.vcxproj", "{BE09F824-F194-4B19-94BA-11A211783ACF}"
EndProject
Project("{8BC9CEB8-8B4A-11D0-8D11-00A0C91BC942}") = "Chapter1_14_problem01-03-01_32p", "Chapter1_problem01-03_32p\Chapter1_problem01-03_32p.vcxproj", "{C7F43F91-3F1D-452E-ADBE-EB676838BCC2}"
EndProject
Project("{8BC9CEB8-8B4A-11D0-8D11-00A0C91BC942}") = "Chapter1_15_problem01-03-02_32p", "Chapter1_problem01-03-02_32p\Chapter1_problem01-03-02_32p.vcxproj", "{260FD3E9-C16C-4679-8F81-FACD4C3BB26E}"
EndProject
Project("{8BC9CEB8-8B4A-11D0-8D11-00A0C91BC942}") = "Chapter1_08_problem01-04_22p", "Chapter1_problem01-04_22p\Chapter1_problem01-04_22p.vcxproj", "{3548D295-F1F5-4CAA-937B-D60A95D45C20}"
EndProject
Project("{8BC9CEB8-8B4A-11D0-8D11-00A0C91BC942}") = "Chapter1_02_SimpleAdder_17p", "Chapter1_SimpleAdder_17p\Chapter1_SimpleAdder_17p.vcxproj", "{AEA38AB5-F91F-40D0-81B9-AFD10FD99E26}"
EndProject
Project("{8BC9CEB8-8B4A-11D0-8D11-00A0C91BC942}") = "Chapter1_04_StringIo_21p", "Chapter1_StringIo_21p\Chapter1_StringIo_21p.vcxproj", "{355B4B7F-C347-4BBB-AAB6-118B146B6A78}"
EndProject
Global
	GlobalSection(SolutionConfigurationPlatforms) = preSolution
		Debug|x64 = Debug|x64
		Debug|x86 = Debug|x86
		Release|x64 = Release|x64
		Release|x86 = Release|x86
	EndGlobalSection
	GlobalSection(ProjectConfigurationPlatforms) = postSolution
		{285BD4C1-AA72-4D8D-AF7C-AB99A2112334}.Debug|x64.ActiveCfg = Debug|x64
		{285BD4C1-AA72-4D8D-AF7C-AB99A2112334}.Debug|x64.Build.0 = Debug|x64
		{285BD4C1-AA72-4D8D-AF7C-AB99A2112334}.Debug|x86.ActiveCfg = Debug|Win32
		{285BD4C1-AA72-4D8D-AF7C-AB99A2112334}.Debug|x86.Build.0 = Debug|Win32
		{285BD4C1-AA72-4D8D-AF7C-AB99A2112334}.Release|x64.ActiveCfg = Release|x64
		{285BD4C1-AA72-4D8D-AF7C-AB99A2112334}.Release|x64.Build.0 = Release|x64
		{285BD4C1-AA72-4D8D-AF7C-AB99A2112334}.Release|x86.ActiveCfg = Release|Win32
		{285BD4C1-AA72-4D8D-AF7C-AB99A2112334}.Release|x86.Build.0 = Release|Win32
		{EC4FD120-2B48-4704-B4E7-FB9D0493702B}.Debug|x64.ActiveCfg = Debug|x64
		{EC4FD120-2B48-4704-B4E7-FB9D0493702B}.Debug|x64.Build.0 = Debug|x64
		{EC4FD120-2B48-4704-B4E7-FB9D0493702B}.Debug|x86.ActiveCfg = Debug|Win32
		{EC4FD120-2B48-4704-B4E7-FB9D0493702B}.Debug|x86.Build.0 = Debug|Win32
		{EC4FD120-2B48-4704-B4E7-FB9D0493702B}.Release|x64.ActiveCfg = Release|x64
		{EC4FD120-2B48-4704-B4E7-FB9D0493702B}.Release|x64.Build.0 = Release|x64
		{EC4FD120-2B48-4704-B4E7-FB9D0493702B}.Release|x86.ActiveCfg = Release|Win32
		{EC4FD120-2B48-4704-B4E7-FB9D0493702B}.Release|x86.Build.0 = Release|Win32
		{C2C0D351-315E-4F48-99E5-B7B13CCE390F}.Debug|x64.ActiveCfg = Debug|x64
		{C2C0D351-315E-4F48-99E5-B7B13CCE390F}.Debug|x64.Build.0 = Debug|x64
		{C2C0D351-315E-4F48-99E5-B7B13CCE390F}.Debug|x86.ActiveCfg = Debug|Win32
		{C2C0D351-315E-4F48-99E5-B7B13CCE390F}.Debug|x86.Build.0 = Debug|Win32
		{C2C0D351-315E-4F48-99E5-B7B13CCE390F}.Release|x64.ActiveCfg = Release|x64
		{C2C0D351-315E-4F48-99E5-B7B13CCE390F}.Release|x64.Build.0 = Release|x64
		{C2C0D351-315E-4F48-99E5-B7B13CCE390F}.Release|x86.ActiveCfg = Release|Win32
		{C2C0D351-315E-4F48-99E5-B7B13CCE390F}.Release|x86.Build.0 = Release|Win32
		{116BED6A-186B-499F-87AE-0F3430DFDB8D}.Debug|x64.ActiveCfg = Debug|x64
		{116BED6A-186B-499F-87AE-0F3430DFDB8D}.Debug|x64.Build.0 = Debug|x64
		{116BED6A-186B-499F-87AE-0F3430DFDB8D}.Debug|x86.ActiveCfg = Debug|Win32
		{116BED6A-186B-499F-87AE-0F3430DFDB8D}.Debug|x86.Build.0 = Debug|Win32
		{116BED6A-186B-499F-87AE-0F3430DFDB8D}.Release|x64.ActiveCfg = Release|x64
		{116BED6A-186B-499F-87AE-0F3430DFDB8D}.Release|x64.Build.0 = Release|x64
		{116BED6A-186B-499F-87AE-0F3430DFDB8D}.Release|x86.ActiveCfg = Release|Win32
		{116BED6A-186B-499F-87AE-0F3430DFDB8D}.Release|x86.Build.0 = Release|Win32
		{0957FBEB-E74E-47CF-978B-F8FEC40B68E3}.Debug|x64.ActiveCfg = Debug|x64
		{0957FBEB-E74E-47CF-978B-F8FEC40B68E3}.Debug|x64.Build.0 = Debug|x64
		{0957FBEB-E74E-47CF-978B-F8FEC40B68E3}.Debug|x86.ActiveCfg = Debug|Win32
		{0957FBEB-E74E-47CF-978B-F8FEC40B68E3}.Debug|x86.Build.0 = Debug|Win32
		{0957FBEB-E74E-47CF-978B-F8FEC40B68E3}.Release|x64.ActiveCfg = Release|x64
		{0957FBEB-E74E-47CF-978B-F8FEC40B68E3}.Release|x64.Build.0 = Release|x64
		{0957FBEB-E74E-47CF-978B-F8FEC40B68E3}.Release|x86.ActiveCfg = Release|Win32
		{0957FBEB-E74E-47CF-978B-F8FEC40B68E3}.Release|x86.Build.0 = Release|Win32
		{951A1642-8692-4704-8A56-751453A59E31}.Debug|x64.ActiveCfg = Debug|x64
		{951A1642-8692-4704-8A56-751453A59E31}.Debug|x64.Build.0 = Debug|x64
		{951A1642-8692-4704-8A56-751453A59E31}.Debug|x86.ActiveCfg = Debug|Win32
		{951A1642-8692-4704-8A56-751453A59E31}.Debug|x86.Build.0 = Debug|Win32
		{951A1642-8692-4704-8A56-751453A59E31}.Release|x64.ActiveCfg = Release|x64
		{951A1642-8692-4704-8A56-751453A59E31}.Release|x64.Build.0 = Release|x64
		{951A1642-8692-4704-8A56-751453A59E31}.Release|x86.ActiveCfg = Release|Win32
		{951A1642-8692-4704-8A56-751453A59E31}.Release|x86.Build.0 = Release|Win32
		{65F733FF-C31B-4984-8C58-9F7735558D0A}.Debug|x64.ActiveCfg = Debug|x64
		{65F733FF-C31B-4984-8C58-9F7735558D0A}.Debug|x64.Build.0 = Debug|x64
		{65F733FF-C31B-4984-8C58-9F7735558D0A}.Debug|x86.ActiveCfg = Debug|Win32
		{65F733FF-C31B-4984-8C58-9F7735558D0A}.Debug|x86.Build.0 = Debug|Win32
		{65F733FF-C31B-4984-8C58-9F7735558D0A}.Release|x64.ActiveCfg = Release|x64
		{65F733FF-C31B-4984-8C58-9F7735558D0A}.Release|x64.Build.0 = Release|x64
		{65F733FF-C31B-4984-8C58-9F7735558D0A}.Release|x86.ActiveCfg = Release|Win32
		{65F733FF-C31B-4984-8C58-9F7735558D0A}.Release|x86.Build.0 = Release|Win32
		{03FBE057-5F66-4502-9F97-3D7508A62D6C}.Debug|x64.ActiveCfg = Debug|x64
		{03FBE057-5F66-4502-9F97-3D7508A62D6C}.Debug|x64.Build.0 = Debug|x64
		{03FBE057-5F66-4502-9F97-3D7508A62D6C}.Debug|x86.ActiveCfg = Debug|Win32
		{03FBE057-5F66-4502-9F97-3D7508A62D6C}.Debug|x86.Build.0 = Debug|Win32
		{03FBE057-5F66-4502-9F97-3D7508A62D6C}.Release|x64.ActiveCfg = Release|x64
		{03FBE057-5F66-4502-9F97-3D7508A62D6C}.Release|x64.Build.0 = Release|x64
		{03FBE057-5F66-4502-9F97-3D7508A62D6C}.Release|x86.ActiveCfg = Release|Win32
		{03FBE057-5F66-4502-9F97-3D7508A62D6C}.Release|x86.Build.0 = Release|Win32
		{40735B37-306D-4936-B8A5-34D41DD3323B}.Debug|x64.ActiveCfg = Debug|x64
		{40735B37-306D-4936-B8A5-34D41DD3323B}.Debug|x64.Build.0 = Debug|x64
		{40735B37-306D-4936-B8A5-34D41DD3323B}.Debug|x86.ActiveCfg = Debug|Win32
		{40735B37-306D-4936-B8A5-34D41DD3323B}.Debug|x86.Build.0 = Debug|Win32
		{40735B37-306D-4936-B8A5-34D41DD3323B}.Release|x64.ActiveCfg = Release|x64
		{40735B37-306D-4936-B8A5-34D41DD3323B}.Release|x64.Build.0 = Release|x64
		{40735B37-306D-4936-B8A5-34D41DD3323B}.Release|x86.ActiveCfg = Release|Win32
		{40735B37-306D-4936-B8A5-34D41DD3323B}.Release|x86.Build.0 = Release|Win32
		{FFA00810-BD36-4040-BB2C-CF0F5EEA3703}.Debug|x64.ActiveCfg = Debug|x64
		{FFA00810-BD36-4040-BB2C-CF0F5EEA3703}.Debug|x64.Build.0 = Debug|x64
		{FFA00810-BD36-4040-BB2C-CF0F5EEA3703}.Debug|x86.ActiveCfg = Debug|Win32
		{FFA00810-BD36-4040-BB2C-CF0F5EEA3703}.Debug|x86.Build.0 = Debug|Win32
		{FFA00810-BD36-4040-BB2C-CF0F5EEA3703}.Release|x64.ActiveCfg = Release|x64
		{FFA00810-BD36-4040-BB2C-CF0F5EEA3703}.Release|x64.Build.0 = Release|x64
		{FFA00810-BD36-4040-BB2C-CF0F5EEA3703}.Release|x86.ActiveCfg = Release|Win32
		{FFA00810-BD36-4040-BB2C-CF0F5EEA3703}.Release|x86.Build.0 = Release|Win32
		{CCE856F2-2C27-4EA6-8A44-A44F0E5E59F0}.Debug|x64.ActiveCfg = Debug|x64
		{CCE856F2-2C27-4EA6-8A44-A44F0E5E59F0}.Debug|x64.Build.0 = Debug|x64
		{CCE856F2-2C27-4EA6-8A44-A44F0E5E59F0}.Debug|x86.ActiveCfg = Debug|Win32
		{CCE856F2-2C27-4EA6-8A44-A44F0E5E59F0}.Debug|x86.Build.0 = Debug|Win32
		{CCE856F2-2C27-4EA6-8A44-A44F0E5E59F0}.Release|x64.ActiveCfg = Release|x64
		{CCE856F2-2C27-4EA6-8A44-A44F0E5E59F0}.Release|x64.Build.0 = Release|x64
		{CCE856F2-2C27-4EA6-8A44-A44F0E5E59F0}.Release|x86.ActiveCfg = Release|Win32
		{CCE856F2-2C27-4EA6-8A44-A44F0E5E59F0}.Release|x86.Build.0 = Release|Win32
		{0A12D82B-0D37-4ED1-BF1E-A9AA628586A4}.Debug|x64.ActiveCfg = Debug|x64
		{0A12D82B-0D37-4ED1-BF1E-A9AA628586A4}.Debug|x64.Build.0 = Debug|x64
		{0A12D82B-0D37-4ED1-BF1E-A9AA628586A4}.Debug|x86.ActiveCfg = Debug|Win32
		{0A12D82B-0D37-4ED1-BF1E-A9AA628586A4}.Debug|x86.Build.0 = Debug|Win32
		{0A12D82B-0D37-4ED1-BF1E-A9AA628586A4}.Release|x64.ActiveCfg = Release|x64
		{0A12D82B-0D37-4ED1-BF1E-A9AA628586A4}.Release|x64.Build.0 = Release|x64
		{0A12D82B-0D37-4ED1-BF1E-A9AA628586A4}.Release|x86.ActiveCfg = Release|Win32
		{0A12D82B-0D37-4ED1-BF1E-A9AA628586A4}.Release|x86.Build.0 = Release|Win32
		{B53DCC71-8E5F-407D-8C66-8D53B2D9CD54}.Debug|x64.ActiveCfg = Debug|x64
		{B53DCC71-8E5F-407D-8C66-8D53B2D9CD54}.Debug|x64.Build.0 = Debug|x64
		{B53DCC71-8E5F-407D-8C66-8D53B2D9CD54}.Debug|x86.ActiveCfg = Debug|Win32
		{B53DCC71-8E5F-407D-8C66-8D53B2D9CD54}.Debug|x86.Build.0 = Debug|Win32
		{B53DCC71-8E5F-407D-8C66-8D53B2D9CD54}.Release|x64.ActiveCfg = Release|x64
		{B53DCC71-8E5F-407D-8C66-8D53B2D9CD54}.Release|x64.Build.0 = Release|x64
		{B53DCC71-8E5F-407D-8C66-8D53B2D9CD54}.Release|x86.ActiveCfg = Release|Win32
		{B53DCC71-8E5F-407D-8C66-8D53B2D9CD54}.Release|x86.Build.0 = Release|Win32
		{6D43D554-3CD3-4C80-8A07-174B48F07391}.Debug|x64.ActiveCfg = Debug|x64
		{6D43D554-3CD3-4C80-8A07-174B48F07391}.Debug|x64.Build.0 = Debug|x64
		{6D43D554-3CD3-4C80-8A07-174B48F07391}.Debug|x86.ActiveCfg = Debug|Win32
		{6D43D554-3CD3-4C80-8A07-174B48F07391}.Debug|x86.Build.0 = Debug|Win32
		{6D43D554-3CD3-4C80-8A07-174B48F07391}.Release|x64.ActiveCfg = Release|x64
		{6D43D554-3CD3-4C80-8A07-174B48F07391}.Release|x64.Build.0 = Release|x64
		{6D43D554-3CD3-4C80-8A07-174B48F07391}.Release|x86.ActiveCfg = Release|Win32
		{6D43D554-3CD3-4C80-8A07-174B48F07391}.Release|x86.Build.0 = Release|Win32
		{1C42698A-1395-49A6-9007-B0E56717A17C}.Debug|x64.ActiveCfg = Debug|x64
		{1C42698A-1395-49A6-9007-B0E56717A17C}.Debug|x64.Build.0 = Debug|x64
		{1C42698A-1395-49A6-9007-B0E56717A17C}.Debug|x86.ActiveCfg = Debug|Win32
		{1C42698A-1395-49A6-9007-B0E56717A17C}.Debug|x86.Build.0 = Debug|Win32
		{1C42698A-1395-49A6-9007-B0E56717A17C}.Release|x64.ActiveCfg = Release|x64
		{1C42698A-1395-49A6-9007-B0E56717A17C}.Release|x64.Build.0 = Release|x64
		{1C42698A-1395-49A6-9007-B0E56717A17C}.Release|x86.ActiveCfg = Release|Win32
		{1C42698A-1395-49A6-9007-B0E56717A17C}.Release|x86.Build.0 = Release|Win32
		{28312741-B460-4381-8844-56E1D8C50156}.Debug|x64.ActiveCfg = Debug|x64
		{28312741-B460-4381-8844-56E1D8C50156}.Debug|x64.Build.0 = Debug|x64
		{28312741-B460-4381-8844-56E1D8C50156}.Debug|x86.ActiveCfg = Debug|Win32
		{28312741-B460-4381-8844-56E1D8C50156}.Debug|x86.Build.0 = Debug|Win32
		{28312741-B460-4381-8844-56E1D8C50156}.Release|x64.ActiveCfg = Release|x64
		{28312741-B460-4381-8844-56E1D8C50156}.Release|x64.Build.0 = Release|x64
		{28312741-B460-4381-8844-56E1D8C50156}.Release|x86.ActiveCfg = Release|Win32
		{28312741-B460-4381-8844-56E1D8C50156}.Release|x86.Build.0 = Release|Win32
		{DD46AD9A-A72F-4A30-9A63-D4A2723DF93F}.Debug|x64.ActiveCfg = Debug|x64
		{DD46AD9A-A72F-4A30-9A63-D4A2723DF93F}.Debug|x64.Build.0 = Debug|x64
		{DD46AD9A-A72F-4A30-9A63-D4A2723DF93F}.Debug|x86.ActiveCfg = Debug|Win32
		{DD46AD9A-A72F-4A30-9A63-D4A2723DF93F}.Debug|x86.Build.0 = Debug|Win32
		{DD46AD9A-A72F-4A30-9A63-D4A2723DF93F}.Release|x64.ActiveCfg = Release|x64
		{DD46AD9A-A72F-4A30-9A63-D4A2723DF93F}.Release|x64.Build.0 = Release|x64
		{DD46AD9A-A72F-4A30-9A63-D4A2723DF93F}.Release|x86.ActiveCfg = Release|Win32
		{DD46AD9A-A72F-4A30-9A63-D4A2723DF93F}.Release|x86.Build.0 = Release|Win32
		{4C67DE73-BD65-403E-84FB-BF4299884CBC}.Debug|x64.ActiveCfg = Debug|x64
		{4C67DE73-BD65-403E-84FB-BF4299884CBC}.Debug|x64.Build.0 = Debug|x64
		{4C67DE73-BD65-403E-84FB-BF4299884CBC}.Debug|x86.ActiveCfg = Debug|Win32
		{4C67DE73-BD65-403E-84FB-BF4299884CBC}.Debug|x86.Build.0 = Debug|Win32
		{4C67DE73-BD65-403E-84FB-BF4299884CBC}.Release|x64.ActiveCfg = Release|x64
		{4C67DE73-BD65-403E-84FB-BF4299884CBC}.Release|x64.Build.0 = Release|x64
		{4C67DE73-BD65-403E-84FB-BF4299884CBC}.Release|x86.ActiveCfg = Release|Win32
		{4C67DE73-BD65-403E-84FB-BF4299884CBC}.Release|x86.Build.0 = Release|Win32
		{42FBC3C6-1AF4-404A-B5F3-04E081630216}.Debug|x64.ActiveCfg = Debug|x64
		{42FBC3C6-1AF4-404A-B5F3-04E081630216}.Debug|x64.Build.0 = Debug|x64
		{42FBC3C6-1AF4-404A-B5F3-04E081630216}.Debug|x86.ActiveCfg = Debug|Win32
		{42FBC3C6-1AF4-404A-B5F3-04E081630216}.Debug|x86.Build.0 = Debug|Win32
		{42FBC3C6-1AF4-404A-B5F3-04E081630216}.Release|x64.ActiveCfg = Release|x64
		{42FBC3C6-1AF4-404A-B5F3-04E081630216}.Release|x64.Build.0 = Release|x64
		{42FBC3C6-1AF4-404A-B5F3-04E081630216}.Release|x86.ActiveCfg = Release|Win32
		{42FBC3C6-1AF4-404A-B5F3-04E081630216}.Release|x86.Build.0 = Release|Win32
		{BE09F824-F194-4B19-94BA-11A211783ACF}.Debug|x64.ActiveCfg = Debug|x64
		{BE09F824-F194-4B19-94BA-11A211783ACF}.Debug|x64.Build.0 = Debug|x64
		{BE09F824-F194-4B19-94BA-11A211783ACF}.Debug|x86.ActiveCfg = Debug|Win32
		{BE09F824-F194-4B19-94BA-11A211783ACF}.Debug|x86.Build.0 = Debug|Win32
		{BE09F824-F194-4B19-94BA-11A211783ACF}.Release|x64.ActiveCfg = Release|x64
		{BE09F824-F194-4B19-94BA-11A211783ACF}.Release|x64.Build.0 = Release|x64
		{BE09F824-F194-4B19-94BA-11A211783ACF}.Release|x86.ActiveCfg = Release|Win32
		{BE09F824-F194-4B19-94BA-11A211783ACF}.Release|x86.Build.0 = Release|Win32
		{C7F43F91-3F1D-452E-ADBE-EB676838BCC2}.Debug|x64.ActiveCfg = Debug|x64
		{C7F43F91-3F1D-452E-ADBE-EB676838BCC2}.Debug|x64.Build.0 = Debug|x64
		{C7F43F91-3F1D-452E-ADBE-EB676838BCC2}.Debug|x86.ActiveCfg = Debug|Win32
		{C7F43F91-3F1D-452E-ADBE-EB676838BCC2}.Debug|x86.Build.0 = Debug|Win32
		{C7F43F91-3F1D-452E-ADBE-EB676838BCC2}.Release|x64.ActiveCfg = Release|x64
		{C7F43F91-3F1D-452E-ADBE-EB676838BCC2}.Release|x64.Build.0 = Release|x64
		{C7F43F91-3F1D-452E-ADBE-EB676838BCC2}.Release|x86.ActiveCfg = Release|Win32
		{C7F43F91-3F1D-452E-ADBE-EB676838BCC2}.Release|x86.Build.0 = Release|Win32
		{260FD3E9-C16C-4679-8F81-FACD4C3BB26E}.Debug|x64.ActiveCfg = Debug|x64
		{260FD3E9-C16C-4679-8F81-FACD4C3BB26E}.Debug|x64.Build.0 = Debug|x64
		{260FD3E9-C16C-4679-8F81-FACD4C3BB26E}.Debug|x86.ActiveCfg = Debug|Win32
		{260FD3E9-C16C-4679-8F81-FACD4C3BB26E}.Debug|x86.Build.0 = Debug|Win32
		{260FD3E9-C16C-4679-8F81-FACD4C3BB26E}.Release|x64.ActiveCfg = Release|x64
		{260FD3E9-C16C-4679-8F81-FACD4C3BB26E}.Release|x64.Build.0 = Release|x64
		{260FD3E9-C16C-4679-8F81-FACD4C3BB26E}.Release|x86.ActiveCfg = Release|Win32
		{260FD3E9-C16C-4679-8F81-FACD4C3BB26E}.Release|x86.Build.0 = Release|Win32
		{3548D295-F1F5-4CAA-937B-D60A95D45C20}.Debug|x64.ActiveCfg = Debug|x64
		{3548D295-F1F5-4CAA-937B-D60A95D45C20}.Debug|x64.Build.0 = Debug|x64
		{3548D295-F1F5-4CAA-937B-D60A95D45C20}.Debug|x86.ActiveCfg = Debug|Win32
		{3548D295-F1F5-4CAA-937B-D60A95D45C20}.Debug|x86.Build.0 = Debug|Win32
		{3548D295-F1F5-4CAA-937B-D60A95D45C20}.Release|x64.ActiveCfg = Release|x64
		{3548D295-F1F5-4CAA-937B-D60A95D45C20}.Release|x64.Build.0 = Release|x64
		{3548D295-F1F5-4CAA-937B-D60A95D45C20}.Release|x86.ActiveCfg = Release|Win32
		{3548D295-F1F5-4CAA-937B-D60A95D45C20}.Release|x86.Build.0 = Release|Win32
		{AEA38AB5-F91F-40D0-81B9-AFD10FD99E26}.Debug|x64.ActiveCfg = Debug|x64
		{AEA38AB5-F91F-40D0-81B9-AFD10FD99E26}.Debug|x64.Build.0 = Debug|x64
		{AEA38AB5-F91F-40D0-81B9-AFD10FD99E26}.Debug|x86.ActiveCfg = Debug|Win32
		{AEA38AB5-F91F-40D0-81B9-AFD10FD99E26}.Debug|x86.Build.0 = Debug|Win32
		{AEA38AB5-F91F-40D0-81B9-AFD10FD99E26}.Release|x64.ActiveCfg = Release|x64
		{AEA38AB5-F91F-40D0-81B9-AFD10FD99E26}.Release|x64.Build.0 = Release|x64
		{AEA38AB5-F91F-40D0-81B9-AFD10FD99E26}.Release|x86.ActiveCfg = Release|Win32
		{AEA38AB5-F91F-40D0-81B9-AFD10FD99E26}.Release|x86.Build.0 = Release|Win32
		{355B4B7F-C347-4BBB-AAB6-118B146B6A78}.Debug|x64.ActiveCfg = Debug|x64
		{355B4B7F-C347-4BBB-AAB6-118B146B6A78}.Debug|x64.Build.0 = Debug|x64
		{355B4B7F-C347-4BBB-AAB6-118B146B6A78}.Debug|x86.ActiveCfg = Debug|Win32
		{355B4B7F-C347-4BBB-AAB6-118B146B6A78}.Debug|x86.Build.0 = Debug|Win32
		{355B4B7F-C347-4BBB-AAB6-118B146B6A78}.Release|x64.ActiveCfg = Release|x64
		{355B4B7F-C347-4BBB-AAB6-118B146B6A78}.Release|x64.Build.0 = Release|x64
		{355B4B7F-C347-4BBB-AAB6-118B146B6A78}.Release|x86.ActiveCfg = Release|Win32
		{355B4B7F-C347-4BBB-AAB6-118B146B6A78}.Release|x86.Build.0 = Release|Win32
	EndGlobalSection
	GlobalSection(SolutionProperties) = preSolution
		HideSolutionNode = FALSE
	EndGlobalSection
	GlobalSection(ExtensibilityGlobals) = postSolution
		SolutionGuid = {9D1779A0-B6B7-4E2B-8424-B7ABCEC081B9}
	EndGlobalSection
EndGlobal
