
Microsoft Visual Studio Solution File, Format Version 12.00
# Visual Studio 15
VisualStudioVersion = 15.0.27703.2018
MinimumVisualStudioVersion = 10.0.40219.1
Project("{8BC9CEB8-8B4A-11D0-8D11-00A0C91BC942}") = "Chapter4_01_RectangleFault_150p", "Chapter4_01_RectangleFault_150p\Chapter4_01_RectangleFault_150p.vcxproj", "{72FCFDB1-C29F-43D4-B45B-B68D4584973B}"
EndProject
Project("{8BC9CEB8-8B4A-11D0-8D11-00A0C91BC942}") = "Chapter4_02_Point_153p", "Chapter4_02_Point_153p\Chapter4_02_Point_153p.vcxproj", "{A2D2D620-54D6-4D29-9539-B922F794E6BE}"
EndProject
Project("{8BC9CEB8-8B4A-11D0-8D11-00A0C91BC942}") = "Chapter4_03_problem04-01-01_160p", "Chapter4_03_problem04-01-01_160p\Chapter4_03_problem04-01-01_160p.vcxproj", "{855001A4-F094-4E6A-B918-4EF267DE892A}"
EndProject
Project("{8BC9CEB8-8B4A-11D0-8D11-00A0C91BC942}") = "Chapter4_04_Encaps1_161p", "Chapter4_04_Encaps1_161p\Chapter4_04_Encaps1_161p.vcxproj", "{FE96D1F1-753E-4FBB-93B1-D7C581053656}"
EndProject
Project("{8BC9CEB8-8B4A-11D0-8D11-00A0C91BC942}") = "Chapter4_05_Encaps2_163p", "Chapter4_05_Encaps2_163p\Chapter4_05_Encaps2_163p.vcxproj", "{2E977989-BBBC-4557-BB92-54AA73A8D203}"
EndProject
Project("{8BC9CEB8-8B4A-11D0-8D11-00A0C91BC942}") = "Chapter4_06_problem04-02-01_166p", "Chapter4_06_problem04-02-01_166p\Chapter4_06_problem04-02-01_166p.vcxproj", "{B7378186-BA67-4FF7-99FD-1C55ADC5B598}"
EndProject
Project("{8BC9CEB8-8B4A-11D0-8D11-00A0C91BC942}") = "Chapter4_07_Constructor1_169p", "Chapter4_07_Constructor1_169p\Chapter4_07_Constructor1_169p.vcxproj", "{745E1787-74D5-4267-99B7-48BC1A95EDBE}"
EndProject
Project("{8BC9CEB8-8B4A-11D0-8D11-00A0C91BC942}") = "Chapter4_08_Constructor2_172p", "Chapter4_08_Constructor2_172p\Chapter4_08_Constructor2_172p.vcxproj", "{452CC0DD-EDD0-4116-AEF9-EBCE78365831}"
EndProject
Project("{8BC9CEB8-8B4A-11D0-8D11-00A0C91BC942}") = "Chapter4_09_FruitSaleSim2_173p", "Chapter4_09_FruitSaleSim2_173p\Chapter4_09_FruitSaleSim2_173p.vcxproj", "{0BC958D7-E029-47A7-A636-E290B654A03F}"
EndProject
Project("{8BC9CEB8-8B4A-11D0-8D11-00A0C91BC942}") = "Chapter4_10_MemberInitializer_177p", "Chapter4_10_MemberInitializer_177p\Chapter4_10_MemberInitializer_177p.vcxproj", "{83652223-5C95-46C6-A223-AFC4338070A3}"
EndProject
Project("{8BC9CEB8-8B4A-11D0-8D11-00A0C91BC942}") = "Chapter4_11_FruitSaleSim3_181p", "Chapter4_11_FruitSaleSim3_181p\Chapter4_11_FruitSaleSim3_181p.vcxproj", "{B9F6C1DE-1E66-46F9-B28B-4D6AC897D176}"
EndProject
Project("{8BC9CEB8-8B4A-11D0-8D11-00A0C91BC942}") = "Chapter4_12_ReferenceMember_183p", "Chapter4_12_ReferenceMember_183p\Chapter4_12_ReferenceMember_183p.vcxproj", "{420EC74F-916B-4EDF-9FCC-C3FD44DCC94C}"
EndProject
Project("{8BC9CEB8-8B4A-11D0-8D11-00A0C91BC942}") = "Chapter4_13_PrivateConstructor_186p", "Chapter4_13_PrivateConstructor_186p\Chapter4_13_PrivateConstructor_186p.vcxproj", "{8E35AF1B-75A7-41B5-AC3E-C7B6F75A2469}"
EndProject
Project("{8BC9CEB8-8B4A-11D0-8D11-00A0C91BC942}") = "Chapter4_14_Destructor_188p", "Chapter4_14_Destructor_188p\Chapter4_14_Destructor_188p.vcxproj", "{C6EA8D02-597D-4178-BEF8-E0479F5F6057}"
EndProject
Project("{8BC9CEB8-8B4A-11D0-8D11-00A0C91BC942}") = "Chapter4_15_problem04-03-01_190p", "Chapter4_15_problem04-03-01_190p\Chapter4_15_problem04-03-01_190p.vcxproj", "{F229B53C-EF18-412D-A683-D1F04C15F114}"
EndProject
Project("{8BC9CEB8-8B4A-11D0-8D11-00A0C91BC942}") = "Chapter4_16_problem04-03-02_190p", "Chapter4_16_problem04-03-02_190p\Chapter4_16_problem04-03-02_190p.vcxproj", "{76F89641-DA40-4F85-BD49-2E07FCE0A1A1}"
EndProject
Project("{8BC9CEB8-8B4A-11D0-8D11-00A0C91BC942}") = "Chapter4_17_ObjArr_192p", "Chapter4_17_ObjArr_192p\Chapter4_17_ObjArr_192p.vcxproj", "{DA13AC5E-5FB1-417F-B026-B04A9537058A}"
EndProject
Project("{8BC9CEB8-8B4A-11D0-8D11-00A0C91BC942}") = "Chapter4_18_ObjPtrArr_194p", "Chapter4_18_ObjPtrArr_194p\Chapter4_18_ObjPtrArr_194p.vcxproj", "{93D243DC-DAC9-42ED-8213-B9E0CF506214}"
EndProject
Project("{8BC9CEB8-8B4A-11D0-8D11-00A0C91BC942}") = "Chapter4_19_PointerThis_196p", "Chapter4_19_PointerThis_196p\Chapter4_19_PointerThis_196p.vcxproj", "{A658D9CB-1909-4828-B03C-B2C9BA1EE12F}"
EndProject
Project("{8BC9CEB8-8B4A-11D0-8D11-00A0C91BC942}") = "Chapter4_20_UsefulThisPtr_198p", "Chapter4_20_UsefulThisPtr_198p\Chapter4_20_UsefulThisPtr_198p.vcxproj", "{AB68290C-47D0-48CF-8FB2-57FA9BD68F99}"
EndProject
Project("{8BC9CEB8-8B4A-11D0-8D11-00A0C91BC942}") = "Chatper4_21_SelfRef_200p", "SelfRef\SelfRef.vcxproj", "{04F6BBD3-DFDD-4D23-9036-6F086A8720F1}"
EndProject
Project("{8BC9CEB8-8B4A-11D0-8D11-00A0C91BC942}") = "Chapter4_22_BankingSystemVer02_203p", "Chapter4_22_BankingSystemVer02_203p\Chapter4_22_BankingSystemVer02_203p.vcxproj", "{9E547ABC-D12B-4D7A-8524-6468D2BC73A0}"
EndProject
Global
	GlobalSection(SolutionConfigurationPlatforms) = preSolution
		Debug|x64 = Debug|x64
		Debug|x86 = Debug|x86
		Release|x64 = Release|x64
		Release|x86 = Release|x86
	EndGlobalSection
	GlobalSection(ProjectConfigurationPlatforms) = postSolution
		{72FCFDB1-C29F-43D4-B45B-B68D4584973B}.Debug|x64.ActiveCfg = Debug|x64
		{72FCFDB1-C29F-43D4-B45B-B68D4584973B}.Debug|x64.Build.0 = Debug|x64
		{72FCFDB1-C29F-43D4-B45B-B68D4584973B}.Debug|x86.ActiveCfg = Debug|Win32
		{72FCFDB1-C29F-43D4-B45B-B68D4584973B}.Debug|x86.Build.0 = Debug|Win32
		{72FCFDB1-C29F-43D4-B45B-B68D4584973B}.Release|x64.ActiveCfg = Release|x64
		{72FCFDB1-C29F-43D4-B45B-B68D4584973B}.Release|x64.Build.0 = Release|x64
		{72FCFDB1-C29F-43D4-B45B-B68D4584973B}.Release|x86.ActiveCfg = Release|Win32
		{72FCFDB1-C29F-43D4-B45B-B68D4584973B}.Release|x86.Build.0 = Release|Win32
		{A2D2D620-54D6-4D29-9539-B922F794E6BE}.Debug|x64.ActiveCfg = Debug|x64
		{A2D2D620-54D6-4D29-9539-B922F794E6BE}.Debug|x64.Build.0 = Debug|x64
		{A2D2D620-54D6-4D29-9539-B922F794E6BE}.Debug|x86.ActiveCfg = Debug|Win32
		{A2D2D620-54D6-4D29-9539-B922F794E6BE}.Debug|x86.Build.0 = Debug|Win32
		{A2D2D620-54D6-4D29-9539-B922F794E6BE}.Release|x64.ActiveCfg = Release|x64
		{A2D2D620-54D6-4D29-9539-B922F794E6BE}.Release|x64.Build.0 = Release|x64
		{A2D2D620-54D6-4D29-9539-B922F794E6BE}.Release|x86.ActiveCfg = Release|Win32
		{A2D2D620-54D6-4D29-9539-B922F794E6BE}.Release|x86.Build.0 = Release|Win32
		{855001A4-F094-4E6A-B918-4EF267DE892A}.Debug|x64.ActiveCfg = Debug|x64
		{855001A4-F094-4E6A-B918-4EF267DE892A}.Debug|x64.Build.0 = Debug|x64
		{855001A4-F094-4E6A-B918-4EF267DE892A}.Debug|x86.ActiveCfg = Debug|Win32
		{855001A4-F094-4E6A-B918-4EF267DE892A}.Debug|x86.Build.0 = Debug|Win32
		{855001A4-F094-4E6A-B918-4EF267DE892A}.Release|x64.ActiveCfg = Release|x64
		{855001A4-F094-4E6A-B918-4EF267DE892A}.Release|x64.Build.0 = Release|x64
		{855001A4-F094-4E6A-B918-4EF267DE892A}.Release|x86.ActiveCfg = Release|Win32
		{855001A4-F094-4E6A-B918-4EF267DE892A}.Release|x86.Build.0 = Release|Win32
		{FE96D1F1-753E-4FBB-93B1-D7C581053656}.Debug|x64.ActiveCfg = Debug|x64
		{FE96D1F1-753E-4FBB-93B1-D7C581053656}.Debug|x64.Build.0 = Debug|x64
		{FE96D1F1-753E-4FBB-93B1-D7C581053656}.Debug|x86.ActiveCfg = Debug|Win32
		{FE96D1F1-753E-4FBB-93B1-D7C581053656}.Debug|x86.Build.0 = Debug|Win32
		{FE96D1F1-753E-4FBB-93B1-D7C581053656}.Release|x64.ActiveCfg = Release|x64
		{FE96D1F1-753E-4FBB-93B1-D7C581053656}.Release|x64.Build.0 = Release|x64
		{FE96D1F1-753E-4FBB-93B1-D7C581053656}.Release|x86.ActiveCfg = Release|Win32
		{FE96D1F1-753E-4FBB-93B1-D7C581053656}.Release|x86.Build.0 = Release|Win32
		{2E977989-BBBC-4557-BB92-54AA73A8D203}.Debug|x64.ActiveCfg = Debug|x64
		{2E977989-BBBC-4557-BB92-54AA73A8D203}.Debug|x64.Build.0 = Debug|x64
		{2E977989-BBBC-4557-BB92-54AA73A8D203}.Debug|x86.ActiveCfg = Debug|Win32
		{2E977989-BBBC-4557-BB92-54AA73A8D203}.Debug|x86.Build.0 = Debug|Win32
		{2E977989-BBBC-4557-BB92-54AA73A8D203}.Release|x64.ActiveCfg = Release|x64
		{2E977989-BBBC-4557-BB92-54AA73A8D203}.Release|x64.Build.0 = Release|x64
		{2E977989-BBBC-4557-BB92-54AA73A8D203}.Release|x86.ActiveCfg = Release|Win32
		{2E977989-BBBC-4557-BB92-54AA73A8D203}.Release|x86.Build.0 = Release|Win32
		{B7378186-BA67-4FF7-99FD-1C55ADC5B598}.Debug|x64.ActiveCfg = Debug|x64
		{B7378186-BA67-4FF7-99FD-1C55ADC5B598}.Debug|x64.Build.0 = Debug|x64
		{B7378186-BA67-4FF7-99FD-1C55ADC5B598}.Debug|x86.ActiveCfg = Debug|Win32
		{B7378186-BA67-4FF7-99FD-1C55ADC5B598}.Debug|x86.Build.0 = Debug|Win32
		{B7378186-BA67-4FF7-99FD-1C55ADC5B598}.Release|x64.ActiveCfg = Release|x64
		{B7378186-BA67-4FF7-99FD-1C55ADC5B598}.Release|x64.Build.0 = Release|x64
		{B7378186-BA67-4FF7-99FD-1C55ADC5B598}.Release|x86.ActiveCfg = Release|Win32
		{B7378186-BA67-4FF7-99FD-1C55ADC5B598}.Release|x86.Build.0 = Release|Win32
		{745E1787-74D5-4267-99B7-48BC1A95EDBE}.Debug|x64.ActiveCfg = Debug|x64
		{745E1787-74D5-4267-99B7-48BC1A95EDBE}.Debug|x64.Build.0 = Debug|x64
		{745E1787-74D5-4267-99B7-48BC1A95EDBE}.Debug|x86.ActiveCfg = Debug|Win32
		{745E1787-74D5-4267-99B7-48BC1A95EDBE}.Debug|x86.Build.0 = Debug|Win32
		{745E1787-74D5-4267-99B7-48BC1A95EDBE}.Release|x64.ActiveCfg = Release|x64
		{745E1787-74D5-4267-99B7-48BC1A95EDBE}.Release|x64.Build.0 = Release|x64
		{745E1787-74D5-4267-99B7-48BC1A95EDBE}.Release|x86.ActiveCfg = Release|Win32
		{745E1787-74D5-4267-99B7-48BC1A95EDBE}.Release|x86.Build.0 = Release|Win32
		{452CC0DD-EDD0-4116-AEF9-EBCE78365831}.Debug|x64.ActiveCfg = Debug|x64
		{452CC0DD-EDD0-4116-AEF9-EBCE78365831}.Debug|x64.Build.0 = Debug|x64
		{452CC0DD-EDD0-4116-AEF9-EBCE78365831}.Debug|x86.ActiveCfg = Debug|Win32
		{452CC0DD-EDD0-4116-AEF9-EBCE78365831}.Debug|x86.Build.0 = Debug|Win32
		{452CC0DD-EDD0-4116-AEF9-EBCE78365831}.Release|x64.ActiveCfg = Release|x64
		{452CC0DD-EDD0-4116-AEF9-EBCE78365831}.Release|x64.Build.0 = Release|x64
		{452CC0DD-EDD0-4116-AEF9-EBCE78365831}.Release|x86.ActiveCfg = Release|Win32
		{452CC0DD-EDD0-4116-AEF9-EBCE78365831}.Release|x86.Build.0 = Release|Win32
		{0BC958D7-E029-47A7-A636-E290B654A03F}.Debug|x64.ActiveCfg = Debug|x64
		{0BC958D7-E029-47A7-A636-E290B654A03F}.Debug|x64.Build.0 = Debug|x64
		{0BC958D7-E029-47A7-A636-E290B654A03F}.Debug|x86.ActiveCfg = Debug|Win32
		{0BC958D7-E029-47A7-A636-E290B654A03F}.Debug|x86.Build.0 = Debug|Win32
		{0BC958D7-E029-47A7-A636-E290B654A03F}.Release|x64.ActiveCfg = Release|x64
		{0BC958D7-E029-47A7-A636-E290B654A03F}.Release|x64.Build.0 = Release|x64
		{0BC958D7-E029-47A7-A636-E290B654A03F}.Release|x86.ActiveCfg = Release|Win32
		{0BC958D7-E029-47A7-A636-E290B654A03F}.Release|x86.Build.0 = Release|Win32
		{83652223-5C95-46C6-A223-AFC4338070A3}.Debug|x64.ActiveCfg = Debug|x64
		{83652223-5C95-46C6-A223-AFC4338070A3}.Debug|x64.Build.0 = Debug|x64
		{83652223-5C95-46C6-A223-AFC4338070A3}.Debug|x86.ActiveCfg = Debug|Win32
		{83652223-5C95-46C6-A223-AFC4338070A3}.Debug|x86.Build.0 = Debug|Win32
		{83652223-5C95-46C6-A223-AFC4338070A3}.Release|x64.ActiveCfg = Release|x64
		{83652223-5C95-46C6-A223-AFC4338070A3}.Release|x64.Build.0 = Release|x64
		{83652223-5C95-46C6-A223-AFC4338070A3}.Release|x86.ActiveCfg = Release|Win32
		{83652223-5C95-46C6-A223-AFC4338070A3}.Release|x86.Build.0 = Release|Win32
		{B9F6C1DE-1E66-46F9-B28B-4D6AC897D176}.Debug|x64.ActiveCfg = Debug|x64
		{B9F6C1DE-1E66-46F9-B28B-4D6AC897D176}.Debug|x64.Build.0 = Debug|x64
		{B9F6C1DE-1E66-46F9-B28B-4D6AC897D176}.Debug|x86.ActiveCfg = Debug|Win32
		{B9F6C1DE-1E66-46F9-B28B-4D6AC897D176}.Debug|x86.Build.0 = Debug|Win32
		{B9F6C1DE-1E66-46F9-B28B-4D6AC897D176}.Release|x64.ActiveCfg = Release|x64
		{B9F6C1DE-1E66-46F9-B28B-4D6AC897D176}.Release|x64.Build.0 = Release|x64
		{B9F6C1DE-1E66-46F9-B28B-4D6AC897D176}.Release|x86.ActiveCfg = Release|Win32
		{B9F6C1DE-1E66-46F9-B28B-4D6AC897D176}.Release|x86.Build.0 = Release|Win32
		{420EC74F-916B-4EDF-9FCC-C3FD44DCC94C}.Debug|x64.ActiveCfg = Debug|x64
		{420EC74F-916B-4EDF-9FCC-C3FD44DCC94C}.Debug|x64.Build.0 = Debug|x64
		{420EC74F-916B-4EDF-9FCC-C3FD44DCC94C}.Debug|x86.ActiveCfg = Debug|Win32
		{420EC74F-916B-4EDF-9FCC-C3FD44DCC94C}.Debug|x86.Build.0 = Debug|Win32
		{420EC74F-916B-4EDF-9FCC-C3FD44DCC94C}.Release|x64.ActiveCfg = Release|x64
		{420EC74F-916B-4EDF-9FCC-C3FD44DCC94C}.Release|x64.Build.0 = Release|x64
		{420EC74F-916B-4EDF-9FCC-C3FD44DCC94C}.Release|x86.ActiveCfg = Release|Win32
		{420EC74F-916B-4EDF-9FCC-C3FD44DCC94C}.Release|x86.Build.0 = Release|Win32
		{8E35AF1B-75A7-41B5-AC3E-C7B6F75A2469}.Debug|x64.ActiveCfg = Debug|x64
		{8E35AF1B-75A7-41B5-AC3E-C7B6F75A2469}.Debug|x64.Build.0 = Debug|x64
		{8E35AF1B-75A7-41B5-AC3E-C7B6F75A2469}.Debug|x86.ActiveCfg = Debug|Win32
		{8E35AF1B-75A7-41B5-AC3E-C7B6F75A2469}.Debug|x86.Build.0 = Debug|Win32
		{8E35AF1B-75A7-41B5-AC3E-C7B6F75A2469}.Release|x64.ActiveCfg = Release|x64
		{8E35AF1B-75A7-41B5-AC3E-C7B6F75A2469}.Release|x64.Build.0 = Release|x64
		{8E35AF1B-75A7-41B5-AC3E-C7B6F75A2469}.Release|x86.ActiveCfg = Release|Win32
		{8E35AF1B-75A7-41B5-AC3E-C7B6F75A2469}.Release|x86.Build.0 = Release|Win32
		{C6EA8D02-597D-4178-BEF8-E0479F5F6057}.Debug|x64.ActiveCfg = Debug|x64
		{C6EA8D02-597D-4178-BEF8-E0479F5F6057}.Debug|x64.Build.0 = Debug|x64
		{C6EA8D02-597D-4178-BEF8-E0479F5F6057}.Debug|x86.ActiveCfg = Debug|Win32
		{C6EA8D02-597D-4178-BEF8-E0479F5F6057}.Debug|x86.Build.0 = Debug|Win32
		{C6EA8D02-597D-4178-BEF8-E0479F5F6057}.Release|x64.ActiveCfg = Release|x64
		{C6EA8D02-597D-4178-BEF8-E0479F5F6057}.Release|x64.Build.0 = Release|x64
		{C6EA8D02-597D-4178-BEF8-E0479F5F6057}.Release|x86.ActiveCfg = Release|Win32
		{C6EA8D02-597D-4178-BEF8-E0479F5F6057}.Release|x86.Build.0 = Release|Win32
		{F229B53C-EF18-412D-A683-D1F04C15F114}.Debug|x64.ActiveCfg = Debug|x64
		{F229B53C-EF18-412D-A683-D1F04C15F114}.Debug|x64.Build.0 = Debug|x64
		{F229B53C-EF18-412D-A683-D1F04C15F114}.Debug|x86.ActiveCfg = Debug|Win32
		{F229B53C-EF18-412D-A683-D1F04C15F114}.Debug|x86.Build.0 = Debug|Win32
		{F229B53C-EF18-412D-A683-D1F04C15F114}.Release|x64.ActiveCfg = Release|x64
		{F229B53C-EF18-412D-A683-D1F04C15F114}.Release|x64.Build.0 = Release|x64
		{F229B53C-EF18-412D-A683-D1F04C15F114}.Release|x86.ActiveCfg = Release|Win32
		{F229B53C-EF18-412D-A683-D1F04C15F114}.Release|x86.Build.0 = Release|Win32
		{76F89641-DA40-4F85-BD49-2E07FCE0A1A1}.Debug|x64.ActiveCfg = Debug|x64
		{76F89641-DA40-4F85-BD49-2E07FCE0A1A1}.Debug|x64.Build.0 = Debug|x64
		{76F89641-DA40-4F85-BD49-2E07FCE0A1A1}.Debug|x86.ActiveCfg = Debug|Win32
		{76F89641-DA40-4F85-BD49-2E07FCE0A1A1}.Debug|x86.Build.0 = Debug|Win32
		{76F89641-DA40-4F85-BD49-2E07FCE0A1A1}.Release|x64.ActiveCfg = Release|x64
		{76F89641-DA40-4F85-BD49-2E07FCE0A1A1}.Release|x64.Build.0 = Release|x64
		{76F89641-DA40-4F85-BD49-2E07FCE0A1A1}.Release|x86.ActiveCfg = Release|Win32
		{76F89641-DA40-4F85-BD49-2E07FCE0A1A1}.Release|x86.Build.0 = Release|Win32
		{DA13AC5E-5FB1-417F-B026-B04A9537058A}.Debug|x64.ActiveCfg = Debug|x64
		{DA13AC5E-5FB1-417F-B026-B04A9537058A}.Debug|x64.Build.0 = Debug|x64
		{DA13AC5E-5FB1-417F-B026-B04A9537058A}.Debug|x86.ActiveCfg = Debug|Win32
		{DA13AC5E-5FB1-417F-B026-B04A9537058A}.Debug|x86.Build.0 = Debug|Win32
		{DA13AC5E-5FB1-417F-B026-B04A9537058A}.Release|x64.ActiveCfg = Release|x64
		{DA13AC5E-5FB1-417F-B026-B04A9537058A}.Release|x64.Build.0 = Release|x64
		{DA13AC5E-5FB1-417F-B026-B04A9537058A}.Release|x86.ActiveCfg = Release|Win32
		{DA13AC5E-5FB1-417F-B026-B04A9537058A}.Release|x86.Build.0 = Release|Win32
		{93D243DC-DAC9-42ED-8213-B9E0CF506214}.Debug|x64.ActiveCfg = Debug|x64
		{93D243DC-DAC9-42ED-8213-B9E0CF506214}.Debug|x64.Build.0 = Debug|x64
		{93D243DC-DAC9-42ED-8213-B9E0CF506214}.Debug|x86.ActiveCfg = Debug|Win32
		{93D243DC-DAC9-42ED-8213-B9E0CF506214}.Debug|x86.Build.0 = Debug|Win32
		{93D243DC-DAC9-42ED-8213-B9E0CF506214}.Release|x64.ActiveCfg = Release|x64
		{93D243DC-DAC9-42ED-8213-B9E0CF506214}.Release|x64.Build.0 = Release|x64
		{93D243DC-DAC9-42ED-8213-B9E0CF506214}.Release|x86.ActiveCfg = Release|Win32
		{93D243DC-DAC9-42ED-8213-B9E0CF506214}.Release|x86.Build.0 = Release|Win32
		{A658D9CB-1909-4828-B03C-B2C9BA1EE12F}.Debug|x64.ActiveCfg = Debug|x64
		{A658D9CB-1909-4828-B03C-B2C9BA1EE12F}.Debug|x64.Build.0 = Debug|x64
		{A658D9CB-1909-4828-B03C-B2C9BA1EE12F}.Debug|x86.ActiveCfg = Debug|Win32
		{A658D9CB-1909-4828-B03C-B2C9BA1EE12F}.Debug|x86.Build.0 = Debug|Win32
		{A658D9CB-1909-4828-B03C-B2C9BA1EE12F}.Release|x64.ActiveCfg = Release|x64
		{A658D9CB-1909-4828-B03C-B2C9BA1EE12F}.Release|x64.Build.0 = Release|x64
		{A658D9CB-1909-4828-B03C-B2C9BA1EE12F}.Release|x86.ActiveCfg = Release|Win32
		{A658D9CB-1909-4828-B03C-B2C9BA1EE12F}.Release|x86.Build.0 = Release|Win32
		{AB68290C-47D0-48CF-8FB2-57FA9BD68F99}.Debug|x64.ActiveCfg = Debug|x64
		{AB68290C-47D0-48CF-8FB2-57FA9BD68F99}.Debug|x64.Build.0 = Debug|x64
		{AB68290C-47D0-48CF-8FB2-57FA9BD68F99}.Debug|x86.ActiveCfg = Debug|Win32
		{AB68290C-47D0-48CF-8FB2-57FA9BD68F99}.Debug|x86.Build.0 = Debug|Win32
		{AB68290C-47D0-48CF-8FB2-57FA9BD68F99}.Release|x64.ActiveCfg = Release|x64
		{AB68290C-47D0-48CF-8FB2-57FA9BD68F99}.Release|x64.Build.0 = Release|x64
		{AB68290C-47D0-48CF-8FB2-57FA9BD68F99}.Release|x86.ActiveCfg = Release|Win32
		{AB68290C-47D0-48CF-8FB2-57FA9BD68F99}.Release|x86.Build.0 = Release|Win32
		{04F6BBD3-DFDD-4D23-9036-6F086A8720F1}.Debug|x64.ActiveCfg = Debug|x64
		{04F6BBD3-DFDD-4D23-9036-6F086A8720F1}.Debug|x64.Build.0 = Debug|x64
		{04F6BBD3-DFDD-4D23-9036-6F086A8720F1}.Debug|x86.ActiveCfg = Debug|Win32
		{04F6BBD3-DFDD-4D23-9036-6F086A8720F1}.Debug|x86.Build.0 = Debug|Win32
		{04F6BBD3-DFDD-4D23-9036-6F086A8720F1}.Release|x64.ActiveCfg = Release|x64
		{04F6BBD3-DFDD-4D23-9036-6F086A8720F1}.Release|x64.Build.0 = Release|x64
		{04F6BBD3-DFDD-4D23-9036-6F086A8720F1}.Release|x86.ActiveCfg = Release|Win32
		{04F6BBD3-DFDD-4D23-9036-6F086A8720F1}.Release|x86.Build.0 = Release|Win32
		{9E547ABC-D12B-4D7A-8524-6468D2BC73A0}.Debug|x64.ActiveCfg = Debug|x64
		{9E547ABC-D12B-4D7A-8524-6468D2BC73A0}.Debug|x64.Build.0 = Debug|x64
		{9E547ABC-D12B-4D7A-8524-6468D2BC73A0}.Debug|x86.ActiveCfg = Debug|Win32
		{9E547ABC-D12B-4D7A-8524-6468D2BC73A0}.Debug|x86.Build.0 = Debug|Win32
		{9E547ABC-D12B-4D7A-8524-6468D2BC73A0}.Release|x64.ActiveCfg = Release|x64
		{9E547ABC-D12B-4D7A-8524-6468D2BC73A0}.Release|x64.Build.0 = Release|x64
		{9E547ABC-D12B-4D7A-8524-6468D2BC73A0}.Release|x86.ActiveCfg = Release|Win32
		{9E547ABC-D12B-4D7A-8524-6468D2BC73A0}.Release|x86.Build.0 = Release|Win32
	EndGlobalSection
	GlobalSection(SolutionProperties) = preSolution
		HideSolutionNode = FALSE
	EndGlobalSection
	GlobalSection(ExtensibilityGlobals) = postSolution
		SolutionGuid = {ED00F775-658A-4987-8F8E-EE24478E949E}
	EndGlobalSection
EndGlobal
