
Microsoft Visual Studio Solution File, Format Version 12.00
# Visual Studio 15
VisualStudioVersion = 15.0.27703.2018
MinimumVisualStudioVersion = 10.0.40219.1
Project("{8BC9CEB8-8B4A-11D0-8D11-00A0C91BC942}") = "Chapter02_01_TrueAndFalse_64p", "Chapter02_01_TrueAndFalse_64p\Chapter02_01_TrueAndFalse_64p.vcxproj", "{54EB71AA-F9EC-43C2-9F40-065E3DC35102}"
EndProject
Project("{8BC9CEB8-8B4A-11D0-8D11-00A0C91BC942}") = "Chapter02_02_DataTypeBool_66p", "Chapter02_02_DataTypeBool_66p\Chapter02_02_DataTypeBool_66p.vcxproj", "{52A45661-4A4E-4A3A-89CD-E66D8B6B1BD3}"
EndProject
Project("{8BC9CEB8-8B4A-11D0-8D11-00A0C91BC942}") = "Chapter02_03_Referen_69p", "Chapter02_03_Referen_69p\Chapter02_03_Referen_69p.vcxproj", "{5CD7C56F-94DA-49DF-8C31-31060E22E5AC}"
EndProject
Project("{8BC9CEB8-8B4A-11D0-8D11-00A0C91BC942}") = "Chapter02_04_RefArrElem_72p", "Chapter02_04_RefArrElem_72p\Chapter02_04_RefArrElem_72p.vcxproj", "{F3DC4984-55DA-4E44-BA00-628029DE8110}"
EndProject
Project("{8BC9CEB8-8B4A-11D0-8D11-00A0C91BC942}") = "Chapter02_05_RefPtr_73p", "Chapter02_05_RefPtr_73p\Chapter02_05_RefPtr_73p.vcxproj", "{3AA44799-F8A9-4ABD-AE87-884757A19B79}"
EndProject
Project("{8BC9CEB8-8B4A-11D0-8D11-00A0C91BC942}") = "Chapter02_06_RefSwap_79p", "Chapter02_06_RefSwap_79p\Chapter02_06_RefSwap_79p.vcxproj", "{A01D15FA-0B3B-42C8-9144-4C00BA908CA1}"
EndProject
Project("{8BC9CEB8-8B4A-11D0-8D11-00A0C91BC942}") = "Chapter02_07_problem02-01-01_80p", "Chapter02_07_problem02-01-01_80p\Chapter02_07_problem02-01-01_80p.vcxproj", "{7BB2CC62-CE8F-41C7-8BAE-9B2C6148339A}"
EndProject
Project("{8BC9CEB8-8B4A-11D0-8D11-00A0C91BC942}") = "Chapter02_08_problem02-01-02_80p", "Chapter02_08_problem02-01-02_80p\Chapter02_08_problem02-01-02_80p.vcxproj", "{E8B641C6-0C07-45D7-A485-28598D5B78B6}"
EndProject
Project("{8BC9CEB8-8B4A-11D0-8D11-00A0C91BC942}") = "Chapter02_09_RefReturnOne_83p", "Chapter02_09_RefReturnOne_83p\Chapter02_09_RefReturnOne_83p.vcxproj", "{AEAE5692-880E-40F2-8361-5FE135C0DE7F}"
EndProject
Project("{8BC9CEB8-8B4A-11D0-8D11-00A0C91BC942}") = "Chapter02_10_RefReturnTwo_85p", "Chapter02_10_RefReturnTwo_85p\Chapter02_10_RefReturnTwo_85p.vcxproj", "{0EB14D7B-BE82-4AF4-B6FA-601AC45EAAB2}"
EndProject
Project("{8BC9CEB8-8B4A-11D0-8D11-00A0C91BC942}") = "Chapter02_11_RefReturnThree_86p", "Chapter02_11_RefReturnThree_86p\Chapter02_11_RefReturnThree_86p.vcxproj", "{CDA24C13-4C31-4905-86C9-62EA252434DB}"
EndProject
Project("{8BC9CEB8-8B4A-11D0-8D11-00A0C91BC942}") = "Chapter02_12_problem02-02-01_90p", "Chapter02_12_problem02-02-01_90p\Chapter02_12_problem02-02-01_90p.vcxproj", "{38581701-53F2-4A09-8E9E-AD9ADF9FBEE5}"
EndProject
Project("{8BC9CEB8-8B4A-11D0-8D11-00A0C91BC942}") = "Chapter02_13_MemMalFree_91p", "Chapter02_13_MemMalFree_91p\Chapter02_13_MemMalFree_91p.vcxproj", "{EBD59224-1F13-42A7-8F04-ECAAED5A6BA3}"
EndProject
Project("{8BC9CEB8-8B4A-11D0-8D11-00A0C91BC942}") = "Chapter02_14_NewDelete_92p", "Chapter02_14_NewDelete_92p\Chapter02_14_NewDelete_92p.vcxproj", "{BBD7C301-086D-4B86-8435-E0D46118ED03}"
EndProject
Project("{8BC9CEB8-8B4A-11D0-8D11-00A0C91BC942}") = "Chapter02_15_NewObject_94p", "Chapter02_15_NewObject_94p\Chapter02_15_NewObject_94p.vcxproj", "{8B140EB6-12C1-4CD8-A301-82B3D6D1D21B}"
EndProject
Project("{8BC9CEB8-8B4A-11D0-8D11-00A0C91BC942}") = "Chapter02_16_problem02-03-01_95p", "Chapter02_16_problem02-03-01_95p\Chapter02_16_problem02-03-01_95p.vcxproj", "{C7AD0D88-61A6-4C10-943C-8B55EFD8A1B9}"
EndProject
Project("{8BC9CEB8-8B4A-11D0-8D11-00A0C91BC942}") = "Chapter02_17_StdCPPFunc_97p", "Chapter02_17_StdCPPFunc_97p\Chapter02_17_StdCPPFunc_97p.vcxproj", "{99775646-6398-489A-9C87-65119E2F8FDE}"
EndProject
Project("{8BC9CEB8-8B4A-11D0-8D11-00A0C91BC942}") = "Chapter02_18_problem02-04-01_99p", "Chapter02_18_problem02-04-01_99p\Chapter02_18_problem02-04-01_99p.vcxproj", "{7F0EC28D-7161-4126-9AE4-FFD5C1C7A7D2}"
EndProject
Project("{8BC9CEB8-8B4A-11D0-8D11-00A0C91BC942}") = "Chapter02_19_problem02-04-02_99p", "Chapter02_19_problem02-04-02_99p\Chapter02_19_problem02-04-02_99p.vcxproj", "{F8D326B9-B1E4-41D7-9E48-49A2F4736997}"
EndProject
Global
	GlobalSection(SolutionConfigurationPlatforms) = preSolution
		Debug|x64 = Debug|x64
		Debug|x86 = Debug|x86
		Release|x64 = Release|x64
		Release|x86 = Release|x86
	EndGlobalSection
	GlobalSection(ProjectConfigurationPlatforms) = postSolution
		{54EB71AA-F9EC-43C2-9F40-065E3DC35102}.Debug|x64.ActiveCfg = Debug|x64
		{54EB71AA-F9EC-43C2-9F40-065E3DC35102}.Debug|x64.Build.0 = Debug|x64
		{54EB71AA-F9EC-43C2-9F40-065E3DC35102}.Debug|x86.ActiveCfg = Debug|Win32
		{54EB71AA-F9EC-43C2-9F40-065E3DC35102}.Debug|x86.Build.0 = Debug|Win32
		{54EB71AA-F9EC-43C2-9F40-065E3DC35102}.Release|x64.ActiveCfg = Release|x64
		{54EB71AA-F9EC-43C2-9F40-065E3DC35102}.Release|x64.Build.0 = Release|x64
		{54EB71AA-F9EC-43C2-9F40-065E3DC35102}.Release|x86.ActiveCfg = Release|Win32
		{54EB71AA-F9EC-43C2-9F40-065E3DC35102}.Release|x86.Build.0 = Release|Win32
		{52A45661-4A4E-4A3A-89CD-E66D8B6B1BD3}.Debug|x64.ActiveCfg = Debug|x64
		{52A45661-4A4E-4A3A-89CD-E66D8B6B1BD3}.Debug|x64.Build.0 = Debug|x64
		{52A45661-4A4E-4A3A-89CD-E66D8B6B1BD3}.Debug|x86.ActiveCfg = Debug|Win32
		{52A45661-4A4E-4A3A-89CD-E66D8B6B1BD3}.Debug|x86.Build.0 = Debug|Win32
		{52A45661-4A4E-4A3A-89CD-E66D8B6B1BD3}.Release|x64.ActiveCfg = Release|x64
		{52A45661-4A4E-4A3A-89CD-E66D8B6B1BD3}.Release|x64.Build.0 = Release|x64
		{52A45661-4A4E-4A3A-89CD-E66D8B6B1BD3}.Release|x86.ActiveCfg = Release|Win32
		{52A45661-4A4E-4A3A-89CD-E66D8B6B1BD3}.Release|x86.Build.0 = Release|Win32
		{5CD7C56F-94DA-49DF-8C31-31060E22E5AC}.Debug|x64.ActiveCfg = Debug|x64
		{5CD7C56F-94DA-49DF-8C31-31060E22E5AC}.Debug|x64.Build.0 = Debug|x64
		{5CD7C56F-94DA-49DF-8C31-31060E22E5AC}.Debug|x86.ActiveCfg = Debug|Win32
		{5CD7C56F-94DA-49DF-8C31-31060E22E5AC}.Debug|x86.Build.0 = Debug|Win32
		{5CD7C56F-94DA-49DF-8C31-31060E22E5AC}.Release|x64.ActiveCfg = Release|x64
		{5CD7C56F-94DA-49DF-8C31-31060E22E5AC}.Release|x64.Build.0 = Release|x64
		{5CD7C56F-94DA-49DF-8C31-31060E22E5AC}.Release|x86.ActiveCfg = Release|Win32
		{5CD7C56F-94DA-49DF-8C31-31060E22E5AC}.Release|x86.Build.0 = Release|Win32
		{F3DC4984-55DA-4E44-BA00-628029DE8110}.Debug|x64.ActiveCfg = Debug|x64
		{F3DC4984-55DA-4E44-BA00-628029DE8110}.Debug|x64.Build.0 = Debug|x64
		{F3DC4984-55DA-4E44-BA00-628029DE8110}.Debug|x86.ActiveCfg = Debug|Win32
		{F3DC4984-55DA-4E44-BA00-628029DE8110}.Debug|x86.Build.0 = Debug|Win32
		{F3DC4984-55DA-4E44-BA00-628029DE8110}.Release|x64.ActiveCfg = Release|x64
		{F3DC4984-55DA-4E44-BA00-628029DE8110}.Release|x64.Build.0 = Release|x64
		{F3DC4984-55DA-4E44-BA00-628029DE8110}.Release|x86.ActiveCfg = Release|Win32
		{F3DC4984-55DA-4E44-BA00-628029DE8110}.Release|x86.Build.0 = Release|Win32
		{3AA44799-F8A9-4ABD-AE87-884757A19B79}.Debug|x64.ActiveCfg = Debug|x64
		{3AA44799-F8A9-4ABD-AE87-884757A19B79}.Debug|x64.Build.0 = Debug|x64
		{3AA44799-F8A9-4ABD-AE87-884757A19B79}.Debug|x86.ActiveCfg = Debug|Win32
		{3AA44799-F8A9-4ABD-AE87-884757A19B79}.Debug|x86.Build.0 = Debug|Win32
		{3AA44799-F8A9-4ABD-AE87-884757A19B79}.Release|x64.ActiveCfg = Release|x64
		{3AA44799-F8A9-4ABD-AE87-884757A19B79}.Release|x64.Build.0 = Release|x64
		{3AA44799-F8A9-4ABD-AE87-884757A19B79}.Release|x86.ActiveCfg = Release|Win32
		{3AA44799-F8A9-4ABD-AE87-884757A19B79}.Release|x86.Build.0 = Release|Win32
		{A01D15FA-0B3B-42C8-9144-4C00BA908CA1}.Debug|x64.ActiveCfg = Debug|x64
		{A01D15FA-0B3B-42C8-9144-4C00BA908CA1}.Debug|x64.Build.0 = Debug|x64
		{A01D15FA-0B3B-42C8-9144-4C00BA908CA1}.Debug|x86.ActiveCfg = Debug|Win32
		{A01D15FA-0B3B-42C8-9144-4C00BA908CA1}.Debug|x86.Build.0 = Debug|Win32
		{A01D15FA-0B3B-42C8-9144-4C00BA908CA1}.Release|x64.ActiveCfg = Release|x64
		{A01D15FA-0B3B-42C8-9144-4C00BA908CA1}.Release|x64.Build.0 = Release|x64
		{A01D15FA-0B3B-42C8-9144-4C00BA908CA1}.Release|x86.ActiveCfg = Release|Win32
		{A01D15FA-0B3B-42C8-9144-4C00BA908CA1}.Release|x86.Build.0 = Release|Win32
		{7BB2CC62-CE8F-41C7-8BAE-9B2C6148339A}.Debug|x64.ActiveCfg = Debug|x64
		{7BB2CC62-CE8F-41C7-8BAE-9B2C6148339A}.Debug|x64.Build.0 = Debug|x64
		{7BB2CC62-CE8F-41C7-8BAE-9B2C6148339A}.Debug|x86.ActiveCfg = Debug|Win32
		{7BB2CC62-CE8F-41C7-8BAE-9B2C6148339A}.Debug|x86.Build.0 = Debug|Win32
		{7BB2CC62-CE8F-41C7-8BAE-9B2C6148339A}.Release|x64.ActiveCfg = Release|x64
		{7BB2CC62-CE8F-41C7-8BAE-9B2C6148339A}.Release|x64.Build.0 = Release|x64
		{7BB2CC62-CE8F-41C7-8BAE-9B2C6148339A}.Release|x86.ActiveCfg = Release|Win32
		{7BB2CC62-CE8F-41C7-8BAE-9B2C6148339A}.Release|x86.Build.0 = Release|Win32
		{E8B641C6-0C07-45D7-A485-28598D5B78B6}.Debug|x64.ActiveCfg = Debug|x64
		{E8B641C6-0C07-45D7-A485-28598D5B78B6}.Debug|x64.Build.0 = Debug|x64
		{E8B641C6-0C07-45D7-A485-28598D5B78B6}.Debug|x86.ActiveCfg = Debug|Win32
		{E8B641C6-0C07-45D7-A485-28598D5B78B6}.Debug|x86.Build.0 = Debug|Win32
		{E8B641C6-0C07-45D7-A485-28598D5B78B6}.Release|x64.ActiveCfg = Release|x64
		{E8B641C6-0C07-45D7-A485-28598D5B78B6}.Release|x64.Build.0 = Release|x64
		{E8B641C6-0C07-45D7-A485-28598D5B78B6}.Release|x86.ActiveCfg = Release|Win32
		{E8B641C6-0C07-45D7-A485-28598D5B78B6}.Release|x86.Build.0 = Release|Win32
		{AEAE5692-880E-40F2-8361-5FE135C0DE7F}.Debug|x64.ActiveCfg = Debug|x64
		{AEAE5692-880E-40F2-8361-5FE135C0DE7F}.Debug|x64.Build.0 = Debug|x64
		{AEAE5692-880E-40F2-8361-5FE135C0DE7F}.Debug|x86.ActiveCfg = Debug|Win32
		{AEAE5692-880E-40F2-8361-5FE135C0DE7F}.Debug|x86.Build.0 = Debug|Win32
		{AEAE5692-880E-40F2-8361-5FE135C0DE7F}.Release|x64.ActiveCfg = Release|x64
		{AEAE5692-880E-40F2-8361-5FE135C0DE7F}.Release|x64.Build.0 = Release|x64
		{AEAE5692-880E-40F2-8361-5FE135C0DE7F}.Release|x86.ActiveCfg = Release|Win32
		{AEAE5692-880E-40F2-8361-5FE135C0DE7F}.Release|x86.Build.0 = Release|Win32
		{0EB14D7B-BE82-4AF4-B6FA-601AC45EAAB2}.Debug|x64.ActiveCfg = Debug|x64
		{0EB14D7B-BE82-4AF4-B6FA-601AC45EAAB2}.Debug|x64.Build.0 = Debug|x64
		{0EB14D7B-BE82-4AF4-B6FA-601AC45EAAB2}.Debug|x86.ActiveCfg = Debug|Win32
		{0EB14D7B-BE82-4AF4-B6FA-601AC45EAAB2}.Debug|x86.Build.0 = Debug|Win32
		{0EB14D7B-BE82-4AF4-B6FA-601AC45EAAB2}.Release|x64.ActiveCfg = Release|x64
		{0EB14D7B-BE82-4AF4-B6FA-601AC45EAAB2}.Release|x64.Build.0 = Release|x64
		{0EB14D7B-BE82-4AF4-B6FA-601AC45EAAB2}.Release|x86.ActiveCfg = Release|Win32
		{0EB14D7B-BE82-4AF4-B6FA-601AC45EAAB2}.Release|x86.Build.0 = Release|Win32
		{CDA24C13-4C31-4905-86C9-62EA252434DB}.Debug|x64.ActiveCfg = Debug|x64
		{CDA24C13-4C31-4905-86C9-62EA252434DB}.Debug|x64.Build.0 = Debug|x64
		{CDA24C13-4C31-4905-86C9-62EA252434DB}.Debug|x86.ActiveCfg = Debug|Win32
		{CDA24C13-4C31-4905-86C9-62EA252434DB}.Debug|x86.Build.0 = Debug|Win32
		{CDA24C13-4C31-4905-86C9-62EA252434DB}.Release|x64.ActiveCfg = Release|x64
		{CDA24C13-4C31-4905-86C9-62EA252434DB}.Release|x64.Build.0 = Release|x64
		{CDA24C13-4C31-4905-86C9-62EA252434DB}.Release|x86.ActiveCfg = Release|Win32
		{CDA24C13-4C31-4905-86C9-62EA252434DB}.Release|x86.Build.0 = Release|Win32
		{38581701-53F2-4A09-8E9E-AD9ADF9FBEE5}.Debug|x64.ActiveCfg = Debug|x64
		{38581701-53F2-4A09-8E9E-AD9ADF9FBEE5}.Debug|x64.Build.0 = Debug|x64
		{38581701-53F2-4A09-8E9E-AD9ADF9FBEE5}.Debug|x86.ActiveCfg = Debug|Win32
		{38581701-53F2-4A09-8E9E-AD9ADF9FBEE5}.Debug|x86.Build.0 = Debug|Win32
		{38581701-53F2-4A09-8E9E-AD9ADF9FBEE5}.Release|x64.ActiveCfg = Release|x64
		{38581701-53F2-4A09-8E9E-AD9ADF9FBEE5}.Release|x64.Build.0 = Release|x64
		{38581701-53F2-4A09-8E9E-AD9ADF9FBEE5}.Release|x86.ActiveCfg = Release|Win32
		{38581701-53F2-4A09-8E9E-AD9ADF9FBEE5}.Release|x86.Build.0 = Release|Win32
		{EBD59224-1F13-42A7-8F04-ECAAED5A6BA3}.Debug|x64.ActiveCfg = Debug|x64
		{EBD59224-1F13-42A7-8F04-ECAAED5A6BA3}.Debug|x64.Build.0 = Debug|x64
		{EBD59224-1F13-42A7-8F04-ECAAED5A6BA3}.Debug|x86.ActiveCfg = Debug|Win32
		{EBD59224-1F13-42A7-8F04-ECAAED5A6BA3}.Debug|x86.Build.0 = Debug|Win32
		{EBD59224-1F13-42A7-8F04-ECAAED5A6BA3}.Release|x64.ActiveCfg = Release|x64
		{EBD59224-1F13-42A7-8F04-ECAAED5A6BA3}.Release|x64.Build.0 = Release|x64
		{EBD59224-1F13-42A7-8F04-ECAAED5A6BA3}.Release|x86.ActiveCfg = Release|Win32
		{EBD59224-1F13-42A7-8F04-ECAAED5A6BA3}.Release|x86.Build.0 = Release|Win32
		{BBD7C301-086D-4B86-8435-E0D46118ED03}.Debug|x64.ActiveCfg = Debug|x64
		{BBD7C301-086D-4B86-8435-E0D46118ED03}.Debug|x64.Build.0 = Debug|x64
		{BBD7C301-086D-4B86-8435-E0D46118ED03}.Debug|x86.ActiveCfg = Debug|Win32
		{BBD7C301-086D-4B86-8435-E0D46118ED03}.Debug|x86.Build.0 = Debug|Win32
		{BBD7C301-086D-4B86-8435-E0D46118ED03}.Release|x64.ActiveCfg = Release|x64
		{BBD7C301-086D-4B86-8435-E0D46118ED03}.Release|x64.Build.0 = Release|x64
		{BBD7C301-086D-4B86-8435-E0D46118ED03}.Release|x86.ActiveCfg = Release|Win32
		{BBD7C301-086D-4B86-8435-E0D46118ED03}.Release|x86.Build.0 = Release|Win32
		{8B140EB6-12C1-4CD8-A301-82B3D6D1D21B}.Debug|x64.ActiveCfg = Debug|x64
		{8B140EB6-12C1-4CD8-A301-82B3D6D1D21B}.Debug|x64.Build.0 = Debug|x64
		{8B140EB6-12C1-4CD8-A301-82B3D6D1D21B}.Debug|x86.ActiveCfg = Debug|Win32
		{8B140EB6-12C1-4CD8-A301-82B3D6D1D21B}.Debug|x86.Build.0 = Debug|Win32
		{8B140EB6-12C1-4CD8-A301-82B3D6D1D21B}.Release|x64.ActiveCfg = Release|x64
		{8B140EB6-12C1-4CD8-A301-82B3D6D1D21B}.Release|x64.Build.0 = Release|x64
		{8B140EB6-12C1-4CD8-A301-82B3D6D1D21B}.Release|x86.ActiveCfg = Release|Win32
		{8B140EB6-12C1-4CD8-A301-82B3D6D1D21B}.Release|x86.Build.0 = Release|Win32
		{C7AD0D88-61A6-4C10-943C-8B55EFD8A1B9}.Debug|x64.ActiveCfg = Debug|x64
		{C7AD0D88-61A6-4C10-943C-8B55EFD8A1B9}.Debug|x64.Build.0 = Debug|x64
		{C7AD0D88-61A6-4C10-943C-8B55EFD8A1B9}.Debug|x86.ActiveCfg = Debug|Win32
		{C7AD0D88-61A6-4C10-943C-8B55EFD8A1B9}.Debug|x86.Build.0 = Debug|Win32
		{C7AD0D88-61A6-4C10-943C-8B55EFD8A1B9}.Release|x64.ActiveCfg = Release|x64
		{C7AD0D88-61A6-4C10-943C-8B55EFD8A1B9}.Release|x64.Build.0 = Release|x64
		{C7AD0D88-61A6-4C10-943C-8B55EFD8A1B9}.Release|x86.ActiveCfg = Release|Win32
		{C7AD0D88-61A6-4C10-943C-8B55EFD8A1B9}.Release|x86.Build.0 = Release|Win32
		{99775646-6398-489A-9C87-65119E2F8FDE}.Debug|x64.ActiveCfg = Debug|x64
		{99775646-6398-489A-9C87-65119E2F8FDE}.Debug|x64.Build.0 = Debug|x64
		{99775646-6398-489A-9C87-65119E2F8FDE}.Debug|x86.ActiveCfg = Debug|Win32
		{99775646-6398-489A-9C87-65119E2F8FDE}.Debug|x86.Build.0 = Debug|Win32
		{99775646-6398-489A-9C87-65119E2F8FDE}.Release|x64.ActiveCfg = Release|x64
		{99775646-6398-489A-9C87-65119E2F8FDE}.Release|x64.Build.0 = Release|x64
		{99775646-6398-489A-9C87-65119E2F8FDE}.Release|x86.ActiveCfg = Release|Win32
		{99775646-6398-489A-9C87-65119E2F8FDE}.Release|x86.Build.0 = Release|Win32
		{7F0EC28D-7161-4126-9AE4-FFD5C1C7A7D2}.Debug|x64.ActiveCfg = Debug|x64
		{7F0EC28D-7161-4126-9AE4-FFD5C1C7A7D2}.Debug|x64.Build.0 = Debug|x64
		{7F0EC28D-7161-4126-9AE4-FFD5C1C7A7D2}.Debug|x86.ActiveCfg = Debug|Win32
		{7F0EC28D-7161-4126-9AE4-FFD5C1C7A7D2}.Debug|x86.Build.0 = Debug|Win32
		{7F0EC28D-7161-4126-9AE4-FFD5C1C7A7D2}.Release|x64.ActiveCfg = Release|x64
		{7F0EC28D-7161-4126-9AE4-FFD5C1C7A7D2}.Release|x64.Build.0 = Release|x64
		{7F0EC28D-7161-4126-9AE4-FFD5C1C7A7D2}.Release|x86.ActiveCfg = Release|Win32
		{7F0EC28D-7161-4126-9AE4-FFD5C1C7A7D2}.Release|x86.Build.0 = Release|Win32
		{F8D326B9-B1E4-41D7-9E48-49A2F4736997}.Debug|x64.ActiveCfg = Debug|x64
		{F8D326B9-B1E4-41D7-9E48-49A2F4736997}.Debug|x64.Build.0 = Debug|x64
		{F8D326B9-B1E4-41D7-9E48-49A2F4736997}.Debug|x86.ActiveCfg = Debug|Win32
		{F8D326B9-B1E4-41D7-9E48-49A2F4736997}.Debug|x86.Build.0 = Debug|Win32
		{F8D326B9-B1E4-41D7-9E48-49A2F4736997}.Release|x64.ActiveCfg = Release|x64
		{F8D326B9-B1E4-41D7-9E48-49A2F4736997}.Release|x64.Build.0 = Release|x64
		{F8D326B9-B1E4-41D7-9E48-49A2F4736997}.Release|x86.ActiveCfg = Release|Win32
		{F8D326B9-B1E4-41D7-9E48-49A2F4736997}.Release|x86.Build.0 = Release|Win32
	EndGlobalSection
	GlobalSection(SolutionProperties) = preSolution
		HideSolutionNode = FALSE
	EndGlobalSection
	GlobalSection(ExtensibilityGlobals) = postSolution
		SolutionGuid = {52C07425-07C5-4985-AEF9-E34AD502277E}
	EndGlobalSection
EndGlobal
